# generated by rye
# use `rye lock` or `rye sync` to update this lockfile
#
# last locked with the following flags:
#   pre: false
#   features: []
#   all-features: false
#   with-sources: false
#   generate-hashes: false

-e file:.
contourpy==1.2.1
    # via matplotlib
cycler==0.12.1
    # via matplotlib
fonttools==4.53.0
    # via matplotlib
iniconfig==2.0.0
    # via pytest
jpholiday==0.1.10
    # via bud-chart
kiwisolver==1.4.5
    # via matplotlib
matplotlib==3.9.0
    # via bud-chart
mypy==1.10.1
mypy-extensions==1.0.0
    # via mypy
numpy==2.0.0
    # via contourpy
    # via matplotlib
    # via pandas
packaging==24.1
    # via matplotlib
    # via pytest
pandas==2.2.2
    # via bud-chart
pillow==10.4.0
    # via matplotlib
pluggy==1.5.0
    # via pytest
pydeps==1.12.20
pyparsing==3.1.2
    # via matplotlib
pytest==8.2.2
    # via pytest-archon
pytest-archon==0.0.6
python-dateutil==2.9.0.post0
    # via matplotlib
    # via pandas
pytz==2024.1
    # via pandas
ruff==0.5.0
six==1.16.0
    # via python-dateutil
stdlib-list==0.10.0
    # via pydeps
typing-extensions==4.12.2
    # via mypy
tzdata==2024.1
    # via pandas
